
Microsoft Visual Studio Solution File, Format Version 12.00
# Visual Studio Version 16
VisualStudioVersion = 16.0.28803.352
MinimumVisualStudioVersion = 10.0.40219.1
Project("{8BC9CEB8-8B4A-11D0-8D11-00A0C91BC942}") = "Chapter02", "Chapter02\Chapter02.vcxproj", "{C6FCC351-0570-4F03-8970-665D9565CB59}"
EndProject
Project("{8BC9CEB8-8B4A-11D0-8D11-00A0C91BC942}") = "Chapter03", "Chapter03\Chapter03.vcxproj", "{94F5728C-08CE-42EB-8BE5-0636BCAAAB41}"
EndProject
Project("{8BC9CEB8-8B4A-11D0-8D11-00A0C91BC942}") = "Chapter04", "Chapter04\Chapter04.vcxproj", "{A98F1F2B-A89D-41F2-9941-360CFAC403D3}"
EndProject
Project("{8BC9CEB8-8B4A-11D0-8D11-00A0C91BC942}") = "Chapter05", "Chapter05\Chapter05.vcxproj", "{CCBF9260-F142-4235-A903-4B3BE1EA262A}"
EndProject
Project("{8BC9CEB8-8B4A-11D0-8D11-00A0C91BC942}") = "Chapter06", "Chapter06\Chapter06.vcxproj", "{84EE596D-0B1A-418C-9459-8A73A9FF3DD2}"
EndProject
Project("{8BC9CEB8-8B4A-11D0-8D11-00A0C91BC942}") = "Chapter07", "Chapter07\Chapter07.vcxproj", "{10238D2F-843B-4FB5-AC2B-FDB2CD2EFFFD}"
EndProject
Project("{8BC9CEB8-8B4A-11D0-8D11-00A0C91BC942}") = "Chapter08", "Chapter08\Chapter08.vcxproj", "{FB0AE239-076D-42F3-8BEE-ED1F8C8CE2BA}"
EndProject
Project("{8BC9CEB8-8B4A-11D0-8D11-00A0C91BC942}") = "Chapter09", "Chapter09\Chapter09.vcxproj", "{45BBD71E-72B9-4052-9230-581290D00C28}"
EndProject
Project("{8BC9CEB8-8B4A-11D0-8D11-00A0C91BC942}") = "Chapter10", "Chapter10\Chapter10.vcxproj", "{A6C5929D-57B9-4491-BCBD-4B50E60130A2}"
EndProject
Project("{8BC9CEB8-8B4A-11D0-8D11-00A0C91BC942}") = "Chapter11", "Chapter11\Chapter11.vcxproj", "{8D16F5CE-9795-4AEE-A6C4-08EE33A59079}"
EndProject
Project("{8BC9CEB8-8B4A-11D0-8D11-00A0C91BC942}") = "Chapter12", "Chapter12\Chapter12.vcxproj", "{BB7B66E0-E9A1-457D-9723-9A3BA67A4E2F}"
EndProject
Project("{8BC9CEB8-8B4A-11D0-8D11-00A0C91BC942}") = "Chapter13", "Chapter13\Chapter13.vcxproj", "{FB14B568-9BAD-49F4-BA45-0E039F6A13DF}"
EndProject
Project("{8BC9CEB8-8B4A-11D0-8D11-00A0C91BC942}") = "Chapter14", "Chapter14\Chapter14.vcxproj", "{DBB10714-0D94-4413-BB0E-51E89AB3965D}"
EndProject
Project("{8BC9CEB8-8B4A-11D0-8D11-00A0C91BC942}") = "Chapter15", "Chapter15\Chapter15.vcxproj", "{8FFBC947-8118-48DF-98E4-4FCD71C56B4B}"
EndProject
Project("{8BC9CEB8-8B4A-11D0-8D11-00A0C91BC942}") = "Chapter16", "Chapter16\Chapter16.vcxproj", "{DEDB1161-B5DD-47E6-A68C-64870DA74CAF}"
EndProject
Project("{8BC9CEB8-8B4A-11D0-8D11-00A0C91BC942}") = "Chapter17", "Chapter17\Chapter17.vcxproj", "{0AC08EEA-0727-4138-9734-105F9089F661}"
EndProject
Project("{8BC9CEB8-8B4A-11D0-8D11-00A0C91BC942}") = "Chapter18", "Chapter18\Chapter18.vcxproj", "{183A3C46-AACA-456E-A8DD-BB99214A75CE}"
EndProject
Project("{8BC9CEB8-8B4A-11D0-8D11-00A0C91BC942}") = "Chapter19", "Chapter19\Chapter19.vcxproj", "{DCDDA285-B4AB-4EEB-8BDB-3FB551C75C5B}"
EndProject
Project("{8BC9CEB8-8B4A-11D0-8D11-00A0C91BC942}") = "Chapter20", "Chapter20\Chapter20.vcxproj", "{A06175E4-C230-4F3A-8F3B-FD8AF834966C}"
EndProject
Project("{8BC9CEB8-8B4A-11D0-8D11-00A0C91BC942}") = "Chapter21", "Chapter21\Chapter21.vcxproj", "{22520A83-D4C2-4B44-8F6B-C5CC1D2AF896}"
EndProject
Project("{8BC9CEB8-8B4A-11D0-8D11-00A0C91BC942}") = "Chapter22", "Chapter22\Chapter22.vcxproj", "{9DAB2BE4-558C-4229-B8C7-CAD94459A04A}"
EndProject
Project("{8BC9CEB8-8B4A-11D0-8D11-00A0C91BC942}") = "Chapter23", "Chapter23\Chapter23.vcxproj", "{63174EEF-28EC-4644-AE20-1A12684AA9C8}"
EndProject
Project("{8BC9CEB8-8B4A-11D0-8D11-00A0C91BC942}") = "Chapter24", "Chapter24\Chapter24.vcxproj", "{C3F53C23-E035-475E-B71F-F0EAC414FCE1}"
EndProject
Project("{8BC9CEB8-8B4A-11D0-8D11-00A0C91BC942}") = "Chapter25", "Chapter25\Chapter25.vcxproj", "{101026E7-FB22-4119-8054-A60D14027E74}"
EndProject
Project("{8BC9CEB8-8B4A-11D0-8D11-00A0C91BC942}") = "Chapter26", "Chapter26\Chapter26.vcxproj", "{86A0F908-8885-4CEA-8F20-312D35B27E8B}"
EndProject
Project("{8BC9CEB8-8B4A-11D0-8D11-00A0C91BC942}") = "Chapter27", "Chapter27\Chapter27.vcxproj", "{A85A98BE-D4AA-4636-B48F-9A2D6FFF2DE4}"
EndProject
Global
	GlobalSection(SolutionConfigurationPlatforms) = preSolution
		Debug|x64 = Debug|x64
		Debug|x86 = Debug|x86
		Release|x64 = Release|x64
		Release|x86 = Release|x86
	EndGlobalSection
	GlobalSection(ProjectConfigurationPlatforms) = postSolution
		{C6FCC351-0570-4F03-8970-665D9565CB59}.Debug|x64.ActiveCfg = Debug|x64
		{C6FCC351-0570-4F03-8970-665D9565CB59}.Debug|x64.Build.0 = Debug|x64
		{C6FCC351-0570-4F03-8970-665D9565CB59}.Debug|x86.ActiveCfg = Debug|Win32
		{C6FCC351-0570-4F03-8970-665D9565CB59}.Debug|x86.Build.0 = Debug|Win32
		{C6FCC351-0570-4F03-8970-665D9565CB59}.Release|x64.ActiveCfg = Release|x64
		{C6FCC351-0570-4F03-8970-665D9565CB59}.Release|x64.Build.0 = Release|x64
		{C6FCC351-0570-4F03-8970-665D9565CB59}.Release|x86.ActiveCfg = Release|Win32
		{C6FCC351-0570-4F03-8970-665D9565CB59}.Release|x86.Build.0 = Release|Win32
		{94F5728C-08CE-42EB-8BE5-0636BCAAAB41}.Debug|x64.ActiveCfg = Debug|x64
		{94F5728C-08CE-42EB-8BE5-0636BCAAAB41}.Debug|x64.Build.0 = Debug|x64
		{94F5728C-08CE-42EB-8BE5-0636BCAAAB41}.Debug|x86.ActiveCfg = Debug|Win32
		{94F5728C-08CE-42EB-8BE5-0636BCAAAB41}.Debug|x86.Build.0 = Debug|Win32
		{94F5728C-08CE-42EB-8BE5-0636BCAAAB41}.Release|x64.ActiveCfg = Release|x64
		{94F5728C-08CE-42EB-8BE5-0636BCAAAB41}.Release|x64.Build.0 = Release|x64
		{94F5728C-08CE-42EB-8BE5-0636BCAAAB41}.Release|x86.ActiveCfg = Release|Win32
		{94F5728C-08CE-42EB-8BE5-0636BCAAAB41}.Release|x86.Build.0 = Release|Win32
		{A98F1F2B-A89D-41F2-9941-360CFAC403D3}.Debug|x64.ActiveCfg = Debug|x64
		{A98F1F2B-A89D-41F2-9941-360CFAC403D3}.Debug|x64.Build.0 = Debug|x64
		{A98F1F2B-A89D-41F2-9941-360CFAC403D3}.Debug|x86.ActiveCfg = Debug|Win32
		{A98F1F2B-A89D-41F2-9941-360CFAC403D3}.Debug|x86.Build.0 = Debug|Win32
		{A98F1F2B-A89D-41F2-9941-360CFAC403D3}.Release|x64.ActiveCfg = Release|x64
		{A98F1F2B-A89D-41F2-9941-360CFAC403D3}.Release|x64.Build.0 = Release|x64
		{A98F1F2B-A89D-41F2-9941-360CFAC403D3}.Release|x86.ActiveCfg = Release|Win32
		{A98F1F2B-A89D-41F2-9941-360CFAC403D3}.Release|x86.Build.0 = Release|Win32
		{CCBF9260-F142-4235-A903-4B3BE1EA262A}.Debug|x64.ActiveCfg = Debug|x64
		{CCBF9260-F142-4235-A903-4B3BE1EA262A}.Debug|x64.Build.0 = Debug|x64
		{CCBF9260-F142-4235-A903-4B3BE1EA262A}.Debug|x86.ActiveCfg = Debug|Win32
		{CCBF9260-F142-4235-A903-4B3BE1EA262A}.Debug|x86.Build.0 = Debug|Win32
		{CCBF9260-F142-4235-A903-4B3BE1EA262A}.Release|x64.ActiveCfg = Release|x64
		{CCBF9260-F142-4235-A903-4B3BE1EA262A}.Release|x64.Build.0 = Release|x64
		{CCBF9260-F142-4235-A903-4B3BE1EA262A}.Release|x86.ActiveCfg = Release|Win32
		{CCBF9260-F142-4235-A903-4B3BE1EA262A}.Release|x86.Build.0 = Release|Win32
		{84EE596D-0B1A-418C-9459-8A73A9FF3DD2}.Debug|x64.ActiveCfg = Debug|x64
		{84EE596D-0B1A-418C-9459-8A73A9FF3DD2}.Debug|x64.Build.0 = Debug|x64
		{84EE596D-0B1A-418C-9459-8A73A9FF3DD2}.Debug|x86.ActiveCfg = Debug|Win32
		{84EE596D-0B1A-418C-9459-8A73A9FF3DD2}.Debug|x86.Build.0 = Debug|Win32
		{84EE596D-0B1A-418C-9459-8A73A9FF3DD2}.Release|x64.ActiveCfg = Release|x64
		{84EE596D-0B1A-418C-9459-8A73A9FF3DD2}.Release|x64.Build.0 = Release|x64
		{84EE596D-0B1A-418C-9459-8A73A9FF3DD2}.Release|x86.ActiveCfg = Release|Win32
		{84EE596D-0B1A-418C-9459-8A73A9FF3DD2}.Release|x86.Build.0 = Release|Win32
		{10238D2F-843B-4FB5-AC2B-FDB2CD2EFFFD}.Debug|x64.ActiveCfg = Debug|x64
		{10238D2F-843B-4FB5-AC2B-FDB2CD2EFFFD}.Debug|x64.Build.0 = Debug|x64
		{10238D2F-843B-4FB5-AC2B-FDB2CD2EFFFD}.Debug|x86.ActiveCfg = Debug|Win32
		{10238D2F-843B-4FB5-AC2B-FDB2CD2EFFFD}.Debug|x86.Build.0 = Debug|Win32
		{10238D2F-843B-4FB5-AC2B-FDB2CD2EFFFD}.Release|x64.ActiveCfg = Release|x64
		{10238D2F-843B-4FB5-AC2B-FDB2CD2EFFFD}.Release|x64.Build.0 = Release|x64
		{10238D2F-843B-4FB5-AC2B-FDB2CD2EFFFD}.Release|x86.ActiveCfg = Release|Win32
		{10238D2F-843B-4FB5-AC2B-FDB2CD2EFFFD}.Release|x86.Build.0 = Release|Win32
		{FB0AE239-076D-42F3-8BEE-ED1F8C8CE2BA}.Debug|x64.ActiveCfg = Debug|x64
		{FB0AE239-076D-42F3-8BEE-ED1F8C8CE2BA}.Debug|x64.Build.0 = Debug|x64
		{FB0AE239-076D-42F3-8BEE-ED1F8C8CE2BA}.Debug|x86.ActiveCfg = Debug|Win32
		{FB0AE239-076D-42F3-8BEE-ED1F8C8CE2BA}.Debug|x86.Build.0 = Debug|Win32
		{FB0AE239-076D-42F3-8BEE-ED1F8C8CE2BA}.Release|x64.ActiveCfg = Release|x64
		{FB0AE239-076D-42F3-8BEE-ED1F8C8CE2BA}.Release|x64.Build.0 = Release|x64
		{FB0AE239-076D-42F3-8BEE-ED1F8C8CE2BA}.Release|x86.ActiveCfg = Release|Win32
		{FB0AE239-076D-42F3-8BEE-ED1F8C8CE2BA}.Release|x86.Build.0 = Release|Win32
		{45BBD71E-72B9-4052-9230-581290D00C28}.Debug|x64.ActiveCfg = Debug|x64
		{45BBD71E-72B9-4052-9230-581290D00C28}.Debug|x64.Build.0 = Debug|x64
		{45BBD71E-72B9-4052-9230-581290D00C28}.Debug|x86.ActiveCfg = Debug|Win32
		{45BBD71E-72B9-4052-9230-581290D00C28}.Debug|x86.Build.0 = Debug|Win32
		{45BBD71E-72B9-4052-9230-581290D00C28}.Release|x64.ActiveCfg = Release|x64
		{45BBD71E-72B9-4052-9230-581290D00C28}.Release|x64.Build.0 = Release|x64
		{45BBD71E-72B9-4052-9230-581290D00C28}.Release|x86.ActiveCfg = Release|Win32
		{45BBD71E-72B9-4052-9230-581290D00C28}.Release|x86.Build.0 = Release|Win32
		{A6C5929D-57B9-4491-BCBD-4B50E60130A2}.Debug|x64.ActiveCfg = Debug|x64
		{A6C5929D-57B9-4491-BCBD-4B50E60130A2}.Debug|x64.Build.0 = Debug|x64
		{A6C5929D-57B9-4491-BCBD-4B50E60130A2}.Debug|x86.ActiveCfg = Debug|Win32
		{A6C5929D-57B9-4491-BCBD-4B50E60130A2}.Debug|x86.Build.0 = Debug|Win32
		{A6C5929D-57B9-4491-BCBD-4B50E60130A2}.Release|x64.ActiveCfg = Release|x64
		{A6C5929D-57B9-4491-BCBD-4B50E60130A2}.Release|x64.Build.0 = Release|x64
		{A6C5929D-57B9-4491-BCBD-4B50E60130A2}.Release|x86.ActiveCfg = Release|Win32
		{A6C5929D-57B9-4491-BCBD-4B50E60130A2}.Release|x86.Build.0 = Release|Win32
		{8D16F5CE-9795-4AEE-A6C4-08EE33A59079}.Debug|x64.ActiveCfg = Debug|x64
		{8D16F5CE-9795-4AEE-A6C4-08EE33A59079}.Debug|x64.Build.0 = Debug|x64
		{8D16F5CE-9795-4AEE-A6C4-08EE33A59079}.Debug|x86.ActiveCfg = Debug|Win32
		{8D16F5CE-9795-4AEE-A6C4-08EE33A59079}.Debug|x86.Build.0 = Debug|Win32
		{8D16F5CE-9795-4AEE-A6C4-08EE33A59079}.Release|x64.ActiveCfg = Release|x64
		{8D16F5CE-9795-4AEE-A6C4-08EE33A59079}.Release|x64.Build.0 = Release|x64
		{8D16F5CE-9795-4AEE-A6C4-08EE33A59079}.Release|x86.ActiveCfg = Release|Win32
		{8D16F5CE-9795-4AEE-A6C4-08EE33A59079}.Release|x86.Build.0 = Release|Win32
		{BB7B66E0-E9A1-457D-9723-9A3BA67A4E2F}.Debug|x64.ActiveCfg = Debug|x64
		{BB7B66E0-E9A1-457D-9723-9A3BA67A4E2F}.Debug|x64.Build.0 = Debug|x64
		{BB7B66E0-E9A1-457D-9723-9A3BA67A4E2F}.Debug|x86.ActiveCfg = Debug|Win32
		{BB7B66E0-E9A1-457D-9723-9A3BA67A4E2F}.Debug|x86.Build.0 = Debug|Win32
		{BB7B66E0-E9A1-457D-9723-9A3BA67A4E2F}.Release|x64.ActiveCfg = Release|x64
		{BB7B66E0-E9A1-457D-9723-9A3BA67A4E2F}.Release|x64.Build.0 = Release|x64
		{BB7B66E0-E9A1-457D-9723-9A3BA67A4E2F}.Release|x86.ActiveCfg = Release|Win32
		{BB7B66E0-E9A1-457D-9723-9A3BA67A4E2F}.Release|x86.Build.0 = Release|Win32
		{FB14B568-9BAD-49F4-BA45-0E039F6A13DF}.Debug|x64.ActiveCfg = Debug|x64
		{FB14B568-9BAD-49F4-BA45-0E039F6A13DF}.Debug|x64.Build.0 = Debug|x64
		{FB14B568-9BAD-49F4-BA45-0E039F6A13DF}.Debug|x86.ActiveCfg = Debug|Win32
		{FB14B568-9BAD-49F4-BA45-0E039F6A13DF}.Debug|x86.Build.0 = Debug|Win32
		{FB14B568-9BAD-49F4-BA45-0E039F6A13DF}.Release|x64.ActiveCfg = Release|x64
		{FB14B568-9BAD-49F4-BA45-0E039F6A13DF}.Release|x64.Build.0 = Release|x64
		{FB14B568-9BAD-49F4-BA45-0E039F6A13DF}.Release|x86.ActiveCfg = Release|Win32
		{FB14B568-9BAD-49F4-BA45-0E039F6A13DF}.Release|x86.Build.0 = Release|Win32
		{DBB10714-0D94-4413-BB0E-51E89AB3965D}.Debug|x64.ActiveCfg = Debug|x64
		{DBB10714-0D94-4413-BB0E-51E89AB3965D}.Debug|x64.Build.0 = Debug|x64
		{DBB10714-0D94-4413-BB0E-51E89AB3965D}.Debug|x86.ActiveCfg = Debug|Win32
		{DBB10714-0D94-4413-BB0E-51E89AB3965D}.Debug|x86.Build.0 = Debug|Win32
		{DBB10714-0D94-4413-BB0E-51E89AB3965D}.Release|x64.ActiveCfg = Release|x64
		{DBB10714-0D94-4413-BB0E-51E89AB3965D}.Release|x64.Build.0 = Release|x64
		{DBB10714-0D94-4413-BB0E-51E89AB3965D}.Release|x86.ActiveCfg = Release|Win32
		{DBB10714-0D94-4413-BB0E-51E89AB3965D}.Release|x86.Build.0 = Release|Win32
		{8FFBC947-8118-48DF-98E4-4FCD71C56B4B}.Debug|x64.ActiveCfg = Debug|x64
		{8FFBC947-8118-48DF-98E4-4FCD71C56B4B}.Debug|x64.Build.0 = Debug|x64
		{8FFBC947-8118-48DF-98E4-4FCD71C56B4B}.Debug|x86.ActiveCfg = Debug|Win32
		{8FFBC947-8118-48DF-98E4-4FCD71C56B4B}.Debug|x86.Build.0 = Debug|Win32
		{8FFBC947-8118-48DF-98E4-4FCD71C56B4B}.Release|x64.ActiveCfg = Release|x64
		{8FFBC947-8118-48DF-98E4-4FCD71C56B4B}.Release|x64.Build.0 = Release|x64
		{8FFBC947-8118-48DF-98E4-4FCD71C56B4B}.Release|x86.ActiveCfg = Release|Win32
		{8FFBC947-8118-48DF-98E4-4FCD71C56B4B}.Release|x86.Build.0 = Release|Win32
		{DEDB1161-B5DD-47E6-A68C-64870DA74CAF}.Debug|x64.ActiveCfg = Debug|x64
		{DEDB1161-B5DD-47E6-A68C-64870DA74CAF}.Debug|x64.Build.0 = Debug|x64
		{DEDB1161-B5DD-47E6-A68C-64870DA74CAF}.Debug|x86.ActiveCfg = Debug|Win32
		{DEDB1161-B5DD-47E6-A68C-64870DA74CAF}.Debug|x86.Build.0 = Debug|Win32
		{DEDB1161-B5DD-47E6-A68C-64870DA74CAF}.Release|x64.ActiveCfg = Release|x64
		{DEDB1161-B5DD-47E6-A68C-64870DA74CAF}.Release|x64.Build.0 = Release|x64
		{DEDB1161-B5DD-47E6-A68C-64870DA74CAF}.Release|x86.ActiveCfg = Release|Win32
		{DEDB1161-B5DD-47E6-A68C-64870DA74CAF}.Release|x86.Build.0 = Release|Win32
		{0AC08EEA-0727-4138-9734-105F9089F661}.Debug|x64.ActiveCfg = Debug|x64
		{0AC08EEA-0727-4138-9734-105F9089F661}.Debug|x64.Build.0 = Debug|x64
		{0AC08EEA-0727-4138-9734-105F9089F661}.Debug|x86.ActiveCfg = Debug|Win32
		{0AC08EEA-0727-4138-9734-105F9089F661}.Debug|x86.Build.0 = Debug|Win32
		{0AC08EEA-0727-4138-9734-105F9089F661}.Release|x64.ActiveCfg = Release|x64
		{0AC08EEA-0727-4138-9734-105F9089F661}.Release|x64.Build.0 = Release|x64
		{0AC08EEA-0727-4138-9734-105F9089F661}.Release|x86.ActiveCfg = Release|Win32
		{0AC08EEA-0727-4138-9734-105F9089F661}.Release|x86.Build.0 = Release|Win32
		{183A3C46-AACA-456E-A8DD-BB99214A75CE}.Debug|x64.ActiveCfg = Debug|x64
		{183A3C46-AACA-456E-A8DD-BB99214A75CE}.Debug|x64.Build.0 = Debug|x64
		{183A3C46-AACA-456E-A8DD-BB99214A75CE}.Debug|x86.ActiveCfg = Debug|Win32
		{183A3C46-AACA-456E-A8DD-BB99214A75CE}.Debug|x86.Build.0 = Debug|Win32
		{183A3C46-AACA-456E-A8DD-BB99214A75CE}.Release|x64.ActiveCfg = Release|x64
		{183A3C46-AACA-456E-A8DD-BB99214A75CE}.Release|x64.Build.0 = Release|x64
		{183A3C46-AACA-456E-A8DD-BB99214A75CE}.Release|x86.ActiveCfg = Release|Win32
		{183A3C46-AACA-456E-A8DD-BB99214A75CE}.Release|x86.Build.0 = Release|Win32
		{DCDDA285-B4AB-4EEB-8BDB-3FB551C75C5B}.Debug|x64.ActiveCfg = Debug|x64
		{DCDDA285-B4AB-4EEB-8BDB-3FB551C75C5B}.Debug|x64.Build.0 = Debug|x64
		{DCDDA285-B4AB-4EEB-8BDB-3FB551C75C5B}.Debug|x86.ActiveCfg = Debug|Win32
		{DCDDA285-B4AB-4EEB-8BDB-3FB551C75C5B}.Debug|x86.Build.0 = Debug|Win32
		{DCDDA285-B4AB-4EEB-8BDB-3FB551C75C5B}.Release|x64.ActiveCfg = Release|x64
		{DCDDA285-B4AB-4EEB-8BDB-3FB551C75C5B}.Release|x64.Build.0 = Release|x64
		{DCDDA285-B4AB-4EEB-8BDB-3FB551C75C5B}.Release|x86.ActiveCfg = Release|Win32
		{DCDDA285-B4AB-4EEB-8BDB-3FB551C75C5B}.Release|x86.Build.0 = Release|Win32
		{A06175E4-C230-4F3A-8F3B-FD8AF834966C}.Debug|x64.ActiveCfg = Debug|x64
		{A06175E4-C230-4F3A-8F3B-FD8AF834966C}.Debug|x64.Build.0 = Debug|x64
		{A06175E4-C230-4F3A-8F3B-FD8AF834966C}.Debug|x86.ActiveCfg = Debug|Win32
		{A06175E4-C230-4F3A-8F3B-FD8AF834966C}.Debug|x86.Build.0 = Debug|Win32
		{A06175E4-C230-4F3A-8F3B-FD8AF834966C}.Release|x64.ActiveCfg = Release|x64
		{A06175E4-C230-4F3A-8F3B-FD8AF834966C}.Release|x64.Build.0 = Release|x64
		{A06175E4-C230-4F3A-8F3B-FD8AF834966C}.Release|x86.ActiveCfg = Release|Win32
		{A06175E4-C230-4F3A-8F3B-FD8AF834966C}.Release|x86.Build.0 = Release|Win32
		{22520A83-D4C2-4B44-8F6B-C5CC1D2AF896}.Debug|x64.ActiveCfg = Debug|x64
		{22520A83-D4C2-4B44-8F6B-C5CC1D2AF896}.Debug|x64.Build.0 = Debug|x64
		{22520A83-D4C2-4B44-8F6B-C5CC1D2AF896}.Debug|x86.ActiveCfg = Debug|Win32
		{22520A83-D4C2-4B44-8F6B-C5CC1D2AF896}.Debug|x86.Build.0 = Debug|Win32
		{22520A83-D4C2-4B44-8F6B-C5CC1D2AF896}.Release|x64.ActiveCfg = Release|x64
		{22520A83-D4C2-4B44-8F6B-C5CC1D2AF896}.Release|x64.Build.0 = Release|x64
		{22520A83-D4C2-4B44-8F6B-C5CC1D2AF896}.Release|x86.ActiveCfg = Release|Win32
		{22520A83-D4C2-4B44-8F6B-C5CC1D2AF896}.Release|x86.Build.0 = Release|Win32
		{9DAB2BE4-558C-4229-B8C7-CAD94459A04A}.Debug|x64.ActiveCfg = Debug|x64
		{9DAB2BE4-558C-4229-B8C7-CAD94459A04A}.Debug|x64.Build.0 = Debug|x64
		{9DAB2BE4-558C-4229-B8C7-CAD94459A04A}.Debug|x86.ActiveCfg = Debug|Win32
		{9DAB2BE4-558C-4229-B8C7-CAD94459A04A}.Debug|x86.Build.0 = Debug|Win32
		{9DAB2BE4-558C-4229-B8C7-CAD94459A04A}.Release|x64.ActiveCfg = Release|x64
		{9DAB2BE4-558C-4229-B8C7-CAD94459A04A}.Release|x64.Build.0 = Release|x64
		{9DAB2BE4-558C-4229-B8C7-CAD94459A04A}.Release|x86.ActiveCfg = Release|Win32
		{9DAB2BE4-558C-4229-B8C7-CAD94459A04A}.Release|x86.Build.0 = Release|Win32
		{63174EEF-28EC-4644-AE20-1A12684AA9C8}.Debug|x64.ActiveCfg = Debug|x64
		{63174EEF-28EC-4644-AE20-1A12684AA9C8}.Debug|x64.Build.0 = Debug|x64
		{63174EEF-28EC-4644-AE20-1A12684AA9C8}.Debug|x86.ActiveCfg = Debug|Win32
		{63174EEF-28EC-4644-AE20-1A12684AA9C8}.Debug|x86.Build.0 = Debug|Win32
		{63174EEF-28EC-4644-AE20-1A12684AA9C8}.Release|x64.ActiveCfg = Release|x64
		{63174EEF-28EC-4644-AE20-1A12684AA9C8}.Release|x64.Build.0 = Release|x64
		{63174EEF-28EC-4644-AE20-1A12684AA9C8}.Release|x86.ActiveCfg = Release|Win32
		{63174EEF-28EC-4644-AE20-1A12684AA9C8}.Release|x86.Build.0 = Release|Win32
		{C3F53C23-E035-475E-B71F-F0EAC414FCE1}.Debug|x64.ActiveCfg = Debug|x64
		{C3F53C23-E035-475E-B71F-F0EAC414FCE1}.Debug|x64.Build.0 = Debug|x64
		{C3F53C23-E035-475E-B71F-F0EAC414FCE1}.Debug|x86.ActiveCfg = Debug|Win32
		{C3F53C23-E035-475E-B71F-F0EAC414FCE1}.Debug|x86.Build.0 = Debug|Win32
		{C3F53C23-E035-475E-B71F-F0EAC414FCE1}.Release|x64.ActiveCfg = Release|x64
		{C3F53C23-E035-475E-B71F-F0EAC414FCE1}.Release|x64.Build.0 = Release|x64
		{C3F53C23-E035-475E-B71F-F0EAC414FCE1}.Release|x86.ActiveCfg = Release|Win32
		{C3F53C23-E035-475E-B71F-F0EAC414FCE1}.Release|x86.Build.0 = Release|Win32
		{101026E7-FB22-4119-8054-A60D14027E74}.Debug|x64.ActiveCfg = Debug|x64
		{101026E7-FB22-4119-8054-A60D14027E74}.Debug|x64.Build.0 = Debug|x64
		{101026E7-FB22-4119-8054-A60D14027E74}.Debug|x86.ActiveCfg = Debug|Win32
		{101026E7-FB22-4119-8054-A60D14027E74}.Debug|x86.Build.0 = Debug|Win32
		{101026E7-FB22-4119-8054-A60D14027E74}.Release|x64.ActiveCfg = Release|x64
		{101026E7-FB22-4119-8054-A60D14027E74}.Release|x64.Build.0 = Release|x64
		{101026E7-FB22-4119-8054-A60D14027E74}.Release|x86.ActiveCfg = Release|Win32
		{101026E7-FB22-4119-8054-A60D14027E74}.Release|x86.Build.0 = Release|Win32
		{86A0F908-8885-4CEA-8F20-312D35B27E8B}.Debug|x64.ActiveCfg = Debug|x64
		{86A0F908-8885-4CEA-8F20-312D35B27E8B}.Debug|x64.Build.0 = Debug|x64
		{86A0F908-8885-4CEA-8F20-312D35B27E8B}.Debug|x86.ActiveCfg = Debug|Win32
		{86A0F908-8885-4CEA-8F20-312D35B27E8B}.Debug|x86.Build.0 = Debug|Win32
		{86A0F908-8885-4CEA-8F20-312D35B27E8B}.Release|x64.ActiveCfg = Release|x64
		{86A0F908-8885-4CEA-8F20-312D35B27E8B}.Release|x64.Build.0 = Release|x64
		{86A0F908-8885-4CEA-8F20-312D35B27E8B}.Release|x86.ActiveCfg = Release|Win32
		{86A0F908-8885-4CEA-8F20-312D35B27E8B}.Release|x86.Build.0 = Release|Win32
		{A85A98BE-D4AA-4636-B48F-9A2D6FFF2DE4}.Debug|x64.ActiveCfg = Debug|x64
		{A85A98BE-D4AA-4636-B48F-9A2D6FFF2DE4}.Debug|x64.Build.0 = Debug|x64
		{A85A98BE-D4AA-4636-B48F-9A2D6FFF2DE4}.Debug|x86.ActiveCfg = Debug|Win32
		{A85A98BE-D4AA-4636-B48F-9A2D6FFF2DE4}.Debug|x86.Build.0 = Debug|Win32
		{A85A98BE-D4AA-4636-B48F-9A2D6FFF2DE4}.Release|x64.ActiveCfg = Release|x64
		{A85A98BE-D4AA-4636-B48F-9A2D6FFF2DE4}.Release|x64.Build.0 = Release|x64
		{A85A98BE-D4AA-4636-B48F-9A2D6FFF2DE4}.Release|x86.ActiveCfg = Release|Win32
		{A85A98BE-D4AA-4636-B48F-9A2D6FFF2DE4}.Release|x86.Build.0 = Release|Win32
	EndGlobalSection
	GlobalSection(SolutionProperties) = preSolution
		HideSolutionNode = FALSE
	EndGlobalSection
	GlobalSection(ExtensibilityGlobals) = postSolution
		SolutionGuid = {9C400AE0-E59F-4C24-87C6-D80648094A4B}
	EndGlobalSection
EndGlobal
